
Microsoft Visual Studio Solution File, Format Version 12.00
# Visual Studio Version 17
VisualStudioVersion = 17.0.31903.59
MinimumVisualStudioVersion = 10.0.40219.1
Project("{FAE04EC0-301F-11D3-BF4B-00C04F79EFBC}") = "EcommerceAPI.API", "EcommerceAPI.API\EcommerceAPI.API.csproj", "{33E11D62-D67C-41F9-AF3D-787FBBC98D77}"
EndProject
Project("{FAE04EC0-301F-11D3-BF4B-00C04F79EFBC}") = "EcommerceAPI.Application", "EcommerceAPI.Application\EcommerceAPI.Application.csproj", "{638AED37-C2C7-4EDF-AE48-6E23B35065B7}"
EndProject
Project("{FAE04EC0-301F-11D3-BF4B-00C04F79EFBC}") = "EcommerceAPI.Core", "EcommerceAPI.Core\EcommerceAPI.Core.csproj", "{A09EC0BE-915C-4B9F-8C2C-494B3136BADE}"
EndProject
Project("{FAE04EC0-301F-11D3-BF4B-00C04F79EFBC}") = "EcommerceAPI.Infrastructure", "EcommerceAPI.Infrastructure\EcommerceAPI.Infrastructure.csproj", "{F2DE6860-B439-4E3B-91F8-77BC1064ACFF}"
EndProject
Project("{FAE04EC0-301F-11D3-BF4B-00C04F79EFBC}") = "EcommerceAPI.Tests", "EcommerceAPI.Tests\EcommerceAPI.Tests.csproj", "{375ADFBF-EF48-4A8E-8B26-CDC7BC0DCD4F}"
EndProject
Global
	GlobalSection(SolutionConfigurationPlatforms) = preSolution
		Debug|Any CPU = Debug|Any CPU
		Debug|x64 = Debug|x64
		Debug|x86 = Debug|x86
		Release|Any CPU = Release|Any CPU
		Release|x64 = Release|x64
		Release|x86 = Release|x86
	EndGlobalSection
	GlobalSection(ProjectConfigurationPlatforms) = postSolution
		{33E11D62-D67C-41F9-AF3D-787FBBC98D77}.Debug|Any CPU.ActiveCfg = Debug|Any CPU
		{33E11D62-D67C-41F9-AF3D-787FBBC98D77}.Debug|Any CPU.Build.0 = Debug|Any CPU
		{33E11D62-D67C-41F9-AF3D-787FBBC98D77}.Debug|x64.ActiveCfg = Debug|Any CPU
		{33E11D62-D67C-41F9-AF3D-787FBBC98D77}.Debug|x64.Build.0 = Debug|Any CPU
		{33E11D62-D67C-41F9-AF3D-787FBBC98D77}.Debug|x86.ActiveCfg = Debug|Any CPU
		{33E11D62-D67C-41F9-AF3D-787FBBC98D77}.Debug|x86.Build.0 = Debug|Any CPU
		{33E11D62-D67C-41F9-AF3D-787FBBC98D77}.Release|Any CPU.ActiveCfg = Release|Any CPU
		{33E11D62-D67C-41F9-AF3D-787FBBC98D77}.Release|Any CPU.Build.0 = Release|Any CPU
		{33E11D62-D67C-41F9-AF3D-787FBBC98D77}.Release|x64.ActiveCfg = Release|Any CPU
		{33E11D62-D67C-41F9-AF3D-787FBBC98D77}.Release|x64.Build.0 = Release|Any CPU
		{33E11D62-D67C-41F9-AF3D-787FBBC98D77}.Release|x86.ActiveCfg = Release|Any CPU
		{33E11D62-D67C-41F9-AF3D-787FBBC98D77}.Release|x86.Build.0 = Release|Any CPU
		{638AED37-C2C7-4EDF-AE48-6E23B35065B7}.Debug|Any CPU.ActiveCfg = Debug|Any CPU
		{638AED37-C2C7-4EDF-AE48-6E23B35065B7}.Debug|Any CPU.Build.0 = Debug|Any CPU
		{638AED37-C2C7-4EDF-AE48-6E23B35065B7}.Debug|x64.ActiveCfg = Debug|Any CPU
		{638AED37-C2C7-4EDF-AE48-6E23B35065B7}.Debug|x64.Build.0 = Debug|Any CPU
		{638AED37-C2C7-4EDF-AE48-6E23B35065B7}.Debug|x86.ActiveCfg = Debug|Any CPU
		{638AED37-C2C7-4EDF-AE48-6E23B35065B7}.Debug|x86.Build.0 = Debug|Any CPU
		{638AED37-C2C7-4EDF-AE48-6E23B35065B7}.Release|Any CPU.ActiveCfg = Release|Any CPU
		{638AED37-C2C7-4EDF-AE48-6E23B35065B7}.Release|Any CPU.Build.0 = Release|Any CPU
		{638AED37-C2C7-4EDF-AE48-6E23B35065B7}.Release|x64.ActiveCfg = Release|Any CPU
		{638AED37-C2C7-4EDF-AE48-6E23B35065B7}.Release|x64.Build.0 = Release|Any CPU
		{638AED37-C2C7-4EDF-AE48-6E23B35065B7}.Release|x86.ActiveCfg = Release|Any CPU
		{638AED37-C2C7-4EDF-AE48-6E23B35065B7}.Release|x86.Build.0 = Release|Any CPU
		{A09EC0BE-915C-4B9F-8C2C-494B3136BADE}.Debug|Any CPU.ActiveCfg = Debug|Any CPU
		{A09EC0BE-915C-4B9F-8C2C-494B3136BADE}.Debug|Any CPU.Build.0 = Debug|Any CPU
		{A09EC0BE-915C-4B9F-8C2C-494B3136BADE}.Debug|x64.ActiveCfg = Debug|Any CPU
		{A09EC0BE-915C-4B9F-8C2C-494B3136BADE}.Debug|x64.Build.0 = Debug|Any CPU
		{A09EC0BE-915C-4B9F-8C2C-494B3136BADE}.Debug|x86.ActiveCfg = Debug|Any CPU
		{A09EC0BE-915C-4B9F-8C2C-494B3136BADE}.Debug|x86.Build.0 = Debug|Any CPU
		{A09EC0BE-915C-4B9F-8C2C-494B3136BADE}.Release|Any CPU.ActiveCfg = Release|Any CPU
		{A09EC0BE-915C-4B9F-8C2C-494B3136BADE}.Release|Any CPU.Build.0 = Release|Any CPU
		{A09EC0BE-915C-4B9F-8C2C-494B3136BADE}.Release|x64.ActiveCfg = Release|Any CPU
		{A09EC0BE-915C-4B9F-8C2C-494B3136BADE}.Release|x64.Build.0 = Release|Any CPU
		{A09EC0BE-915C-4B9F-8C2C-494B3136BADE}.Release|x86.ActiveCfg = Release|Any CPU
		{A09EC0BE-915C-4B9F-8C2C-494B3136BADE}.Release|x86.Build.0 = Release|Any CPU
		{F2DE6860-B439-4E3B-91F8-77BC1064ACFF}.Debug|Any CPU.ActiveCfg = Debug|Any CPU
		{F2DE6860-B439-4E3B-91F8-77BC1064ACFF}.Debug|Any CPU.Build.0 = Debug|Any CPU
		{F2DE6860-B439-4E3B-91F8-77BC1064ACFF}.Debug|x64.ActiveCfg = Debug|Any CPU
		{F2DE6860-B439-4E3B-91F8-77BC1064ACFF}.Debug|x64.Build.0 = Debug|Any CPU
		{F2DE6860-B439-4E3B-91F8-77BC1064ACFF}.Debug|x86.ActiveCfg = Debug|Any CPU
		{F2DE6860-B439-4E3B-91F8-77BC1064ACFF}.Debug|x86.Build.0 = Debug|Any CPU
		{F2DE6860-B439-4E3B-91F8-77BC1064ACFF}.Release|Any CPU.ActiveCfg = Release|Any CPU
		{F2DE6860-B439-4E3B-91F8-77BC1064ACFF}.Release|Any CPU.Build.0 = Release|Any CPU
		{F2DE6860-B439-4E3B-91F8-77BC1064ACFF}.Release|x64.ActiveCfg = Release|Any CPU
		{F2DE6860-B439-4E3B-91F8-77BC1064ACFF}.Release|x64.Build.0 = Release|Any CPU
		{F2DE6860-B439-4E3B-91F8-77BC1064ACFF}.Release|x86.ActiveCfg = Release|Any CPU
		{F2DE6860-B439-4E3B-91F8-77BC1064ACFF}.Release|x86.Build.0 = Release|Any CPU
		{375ADFBF-EF48-4A8E-8B26-CDC7BC0DCD4F}.Debug|Any CPU.ActiveCfg = Debug|Any CPU
		{375ADFBF-EF48-4A8E-8B26-CDC7BC0DCD4F}.Debug|Any CPU.Build.0 = Debug|Any CPU
		{375ADFBF-EF48-4A8E-8B26-CDC7BC0DCD4F}.Debug|x64.ActiveCfg = Debug|Any CPU
		{375ADFBF-EF48-4A8E-8B26-CDC7BC0DCD4F}.Debug|x64.Build.0 = Debug|Any CPU
		{375ADFBF-EF48-4A8E-8B26-CDC7BC0DCD4F}.Debug|x86.ActiveCfg = Debug|Any CPU
		{375ADFBF-EF48-4A8E-8B26-CDC7BC0DCD4F}.Debug|x86.Build.0 = Debug|Any CPU
		{375ADFBF-EF48-4A8E-8B26-CDC7BC0DCD4F}.Release|Any CPU.ActiveCfg = Release|Any CPU
		{375ADFBF-EF48-4A8E-8B26-CDC7BC0DCD4F}.Release|Any CPU.Build.0 = Release|Any CPU
		{375ADFBF-EF48-4A8E-8B26-CDC7BC0DCD4F}.Release|x64.ActiveCfg = Release|Any CPU
		{375ADFBF-EF48-4A8E-8B26-CDC7BC0DCD4F}.Release|x64.Build.0 = Release|Any CPU
		{375ADFBF-EF48-4A8E-8B26-CDC7BC0DCD4F}.Release|x86.ActiveCfg = Release|Any CPU
		{375ADFBF-EF48-4A8E-8B26-CDC7BC0DCD4F}.Release|x86.Build.0 = Release|Any CPU
	EndGlobalSection
	GlobalSection(SolutionProperties) = preSolution
		HideSolutionNode = FALSE
	EndGlobalSection
EndGlobal
